// !$*UTF8*$!
{
	archiveVersion = 1;
	classes = {
	};
	objectVersion = 56;
	objects = {

/* Begin PBXBuildFile section */
		08428B462A659A550002AD9D /* KabinApp.swift in Sources */ = {isa = PBXBuildFile; fileRef = 08428B452A659A550002AD9D /* KabinApp.swift */; };
		08428B4A2A659A570002AD9D /* Assets.xcassets in Resources */ = {isa = PBXBuildFile; fileRef = 08428B492A659A570002AD9D /* Assets.xcassets */; };
		08428B4D2A659A570002AD9D /* Preview Assets.xcassets in Resources */ = {isa = PBXBuildFile; fileRef = 08428B4C2A659A570002AD9D /* Preview Assets.xcassets */; };
		08428B582A659A570002AD9D /* ConstantinoplTests.swift in Sources */ = {isa = PBXBuildFile; fileRef = 08428B572A659A570002AD9D /* ConstantinoplTests.swift */; };
		08428B622A659A570002AD9D /* ConstantinoplUITests.swift in Sources */ = {isa = PBXBuildFile; fileRef = 08428B612A659A570002AD9D /* ConstantinoplUITests.swift */; };
		08428B642A659A570002AD9D /* ConstantinoplUITestsLaunchTests.swift in Sources */ = {isa = PBXBuildFile; fileRef = 08428B632A659A570002AD9D /* ConstantinoplUITestsLaunchTests.swift */; };
		08428B722A65A4210002AD9D /* EventTapManager.swift in Sources */ = {isa = PBXBuildFile; fileRef = 08428B712A65A4210002AD9D /* EventTapManager.swift */; };
		08428B742A65A4540002AD9D /* ScreenshotManager.swift in Sources */ = {isa = PBXBuildFile; fileRef = 08428B732A65A4540002AD9D /* ScreenshotManager.swift */; };
/* End PBXBuildFile section */

/* Begin PBXContainerItemProxy section */
		08428B542A659A570002AD9D /* PBXContainerItemProxy */ = {
			isa = PBXContainerItemProxy;
			containerPortal = 08428B3A2A659A550002AD9D /* Project object */;
			proxyType = 1;
			remoteGlobalIDString = 08428B412A659A550002AD9D;
			remoteInfo = Constantinopl;
		};
		08428B5E2A659A570002AD9D /* PBXContainerItemProxy */ = {
			isa = PBXContainerItemProxy;
			containerPortal = 08428B3A2A659A550002AD9D /* Project object */;
			proxyType = 1;
			remoteGlobalIDString = 08428B412A659A550002AD9D;
			remoteInfo = Constantinopl;
		};
/* End PBXContainerItemProxy section */

/* Begin PBXFileReference section */
		08428B422A659A550002AD9D /* Kabin.app */ = {isa = PBXFileReference; explicitFileType = wrapper.application; includeInIndex = 0; path = Kabin.app; sourceTree = BUILT_PRODUCTS_DIR; };
		08428B452A659A550002AD9D /* KabinApp.swift */ = {isa = PBXFileReference; lastKnownFileType = sourcecode.swift; path = KabinApp.swift; sourceTree = "<group>"; };
		08428B492A659A570002AD9D /* Assets.xcassets */ = {isa = PBXFileReference; lastKnownFileType = folder.assetcatalog; path = Assets.xcassets; sourceTree = "<group>"; };
		08428B4C2A659A570002AD9D /* Preview Assets.xcassets */ = {isa = PBXFileReference; lastKnownFileType = folder.assetcatalog; path = "Preview Assets.xcassets"; sourceTree = "<group>"; };
		08428B4E2A659A570002AD9D /* Kabin.entitlements */ = {isa = PBXFileReference; lastKnownFileType = text.plist.entitlements; path = Kabin.entitlements; sourceTree = "<group>"; };
		08428B532A659A570002AD9D /* KabinTests.xctest */ = {isa = PBXFileReference; explicitFileType = wrapper.cfbundle; includeInIndex = 0; path = KabinTests.xctest; sourceTree = BUILT_PRODUCTS_DIR; };
		08428B572A659A570002AD9D /* ConstantinoplTests.swift */ = {isa = PBXFileReference; lastKnownFileType = sourcecode.swift; path = ConstantinoplTests.swift; sourceTree = "<group>"; };
		08428B5D2A659A570002AD9D /* KabinUITests.xctest */ = {isa = PBXFileReference; explicitFileType = wrapper.cfbundle; includeInIndex = 0; path = KabinUITests.xctest; sourceTree = BUILT_PRODUCTS_DIR; };
		08428B612A659A570002AD9D /* ConstantinoplUITests.swift */ = {isa = PBXFileReference; lastKnownFileType = sourcecode.swift; path = ConstantinoplUITests.swift; sourceTree = "<group>"; };
		08428B632A659A570002AD9D /* ConstantinoplUITestsLaunchTests.swift */ = {isa = PBXFileReference; lastKnownFileType = sourcecode.swift; path = ConstantinoplUITestsLaunchTests.swift; sourceTree = "<group>"; };
		08428B702A659BF10002AD9D /* Info.plist */ = {isa = PBXFileReference; lastKnownFileType = text.plist; path = Info.plist; sourceTree = "<group>"; };
		08428B712A65A4210002AD9D /* EventTapManager.swift */ = {isa = PBXFileReference; lastKnownFileType = sourcecode.swift; path = EventTapManager.swift; sourceTree = "<group>"; };
		08428B732A65A4540002AD9D /* ScreenshotManager.swift */ = {isa = PBXFileReference; lastKnownFileType = sourcecode.swift; path = ScreenshotManager.swift; sourceTree = "<group>"; };
		08428B752A6604110002AD9D /* README.md */ = {isa = PBXFileReference; fileEncoding = 4; lastKnownFileType = net.daringfireball.markdown; path = README.md; sourceTree = "<group>"; };
/* End PBXFileReference section */

/* Begin PBXFrameworksBuildPhase section */
		08428B3F2A659A550002AD9D /* Frameworks */ = {
			isa = PBXFrameworksBuildPhase;
			buildActionMask = 2147483647;
			files = (
			);
			runOnlyForDeploymentPostprocessing = 0;
		};
		08428B502A659A570002AD9D /* Frameworks */ = {
			isa = PBXFrameworksBuildPhase;
			buildActionMask = 2147483647;
			files = (
			);
			runOnlyForDeploymentPostprocessing = 0;
		};
		08428B5A2A659A570002AD9D /* Frameworks */ = {
			isa = PBXFrameworksBuildPhase;
			buildActionMask = 2147483647;
			files = (
			);
			runOnlyForDeploymentPostprocessing = 0;
		};
/* End PBXFrameworksBuildPhase section */

/* Begin PBXGroup section */
		08428B392A659A550002AD9D = {
			isa = PBXGroup;
			children = (
				08428B752A6604110002AD9D /* README.md */,
				08428B442A659A550002AD9D /* Kabin */,
				08428B562A659A570002AD9D /* KabinTests */,
				08428B602A659A570002AD9D /* KabinUITests */,
				08428B432A659A550002AD9D /* Products */,
			);
			sourceTree = "<group>";
		};
		08428B432A659A550002AD9D /* Products */ = {
			isa = PBXGroup;
			children = (
				08428B422A659A550002AD9D /* Kabin.app */,
				08428B532A659A570002AD9D /* KabinTests.xctest */,
				08428B5D2A659A570002AD9D /* KabinUITests.xctest */,
			);
			name = Products;
			sourceTree = "<group>";
		};
		08428B442A659A550002AD9D /* Kabin */ = {
			isa = PBXGroup;
			children = (
				08428B702A659BF10002AD9D /* Info.plist */,
				08428B452A659A550002AD9D /* KabinApp.swift */,
				08428B732A65A4540002AD9D /* ScreenshotManager.swift */,
				08428B712A65A4210002AD9D /* EventTapManager.swift */,
				08428B492A659A570002AD9D /* Assets.xcassets */,
				08428B4E2A659A570002AD9D /* Kabin.entitlements */,
				08428B4B2A659A570002AD9D /* Preview Content */,
			);
			path = Kabin;
			sourceTree = "<group>";
		};
		08428B4B2A659A570002AD9D /* Preview Content */ = {
			isa = PBXGroup;
			children = (
				08428B4C2A659A570002AD9D /* Preview Assets.xcassets */,
			);
			path = "Preview Content";
			sourceTree = "<group>";
		};
		08428B562A659A570002AD9D /* KabinTests */ = {
			isa = PBXGroup;
			children = (
				08428B572A659A570002AD9D /* ConstantinoplTests.swift */,
			);
			path = KabinTests;
			sourceTree = "<group>";
		};
		08428B602A659A570002AD9D /* KabinUITests */ = {
			isa = PBXGroup;
			children = (
				08428B612A659A570002AD9D /* ConstantinoplUITests.swift */,
				08428B632A659A570002AD9D /* ConstantinoplUITestsLaunchTests.swift */,
			);
			path = KabinUITests;
			sourceTree = "<group>";
		};
/* End PBXGroup section */

/* Begin PBXNativeTarget section */
		08428B412A659A550002AD9D /* Kabin */ = {
			isa = PBXNativeTarget;
			buildConfigurationList = 08428B672A659A570002AD9D /* Build configuration list for PBXNativeTarget "Kabin" */;
			buildPhases = (
				08428B3E2A659A550002AD9D /* Sources */,
				08428B3F2A659A550002AD9D /* Frameworks */,
				08428B402A659A550002AD9D /* Resources */,
			);
			buildRules = (
			);
			dependencies = (
			);
			name = Kabin;
			productName = Constantinopl;
			productReference = 08428B422A659A550002AD9D /* Kabin.app */;
			productType = "com.apple.product-type.application";
		};
		08428B522A659A570002AD9D /* KabinTests */ = {
			isa = PBXNativeTarget;
			buildConfigurationList = 08428B6A2A659A570002AD9D /* Build configuration list for PBXNativeTarget "KabinTests" */;
			buildPhases = (
				08428B4F2A659A570002AD9D /* Sources */,
				08428B502A659A570002AD9D /* Frameworks */,
				08428B512A659A570002AD9D /* Resources */,
			);
			buildRules = (
			);
			dependencies = (
				08428B552A659A570002AD9D /* PBXTargetDependency */,
			);
			name = KabinTests;
			productName = ConstantinoplTests;
			productReference = 08428B532A659A570002AD9D /* KabinTests.xctest */;
			productType = "com.apple.product-type.bundle.unit-test";
		};
		08428B5C2A659A570002AD9D /* KabinUITests */ = {
			isa = PBXNativeTarget;
			buildConfigurationList = 08428B6D2A659A570002AD9D /* Build configuration list for PBXNativeTarget "KabinUITests" */;
			buildPhases = (
				08428B592A659A570002AD9D /* Sources */,
				08428B5A2A659A570002AD9D /* Frameworks */,
				08428B5B2A659A570002AD9D /* Resources */,
			);
			buildRules = (
			);
			dependencies = (
				08428B5F2A659A570002AD9D /* PBXTargetDependency */,
			);
			name = KabinUITests;
			productName = ConstantinoplUITests;
			productReference = 08428B5D2A659A570002AD9D /* KabinUITests.xctest */;
			productType = "com.apple.product-type.bundle.ui-testing";
		};
/* End PBXNativeTarget section */

/* Begin PBXProject section */
		08428B3A2A659A550002AD9D /* Project object */ = {
			isa = PBXProject;
			attributes = {
				BuildIndependentTargetsInParallel = 1;
				LastSwiftUpdateCheck = 1430;
				LastUpgradeCheck = 1430;
				TargetAttributes = {
					08428B412A659A550002AD9D = {
						CreatedOnToolsVersion = 14.3.1;
					};
					08428B522A659A570002AD9D = {
						CreatedOnToolsVersion = 14.3.1;
						TestTargetID = 08428B412A659A550002AD9D;
					};
					08428B5C2A659A570002AD9D = {
						CreatedOnToolsVersion = 14.3.1;
						TestTargetID = 08428B412A659A550002AD9D;
					};
				};
			};
			buildConfigurationList = 08428B3D2A659A550002AD9D /* Build configuration list for PBXProject "Kabin" */;
			compatibilityVersion = "Xcode 14.0";
			developmentRegion = en;
			hasScannedForEncodings = 0;
			knownRegions = (
				en,
				Base,
			);
			mainGroup = 08428B392A659A550002AD9D;
			productRefGroup = 08428B432A659A550002AD9D /* Products */;
			projectDirPath = "";
			projectRoot = "";
			targets = (
				08428B412A659A550002AD9D /* Kabin */,
				08428B522A659A570002AD9D /* KabinTests */,
				08428B5C2A659A570002AD9D /* KabinUITests */,
			);
		};
/* End PBXProject section */

/* Begin PBXResourcesBuildPhase section */
		08428B402A659A550002AD9D /* Resources */ = {
			isa = PBXResourcesBuildPhase;
			buildActionMask = 2147483647;
			files = (
				08428B4D2A659A570002AD9D /* Preview Assets.xcassets in Resources */,
				08428B4A2A659A570002AD9D /* Assets.xcassets in Resources */,
			);
			runOnlyForDeploymentPostprocessing = 0;
		};
		08428B512A659A570002AD9D /* Resources */ = {
			isa = PBXResourcesBuildPhase;
			buildActionMask = 2147483647;
			files = (
			);
			runOnlyForDeploymentPostprocessing = 0;
		};
		08428B5B2A659A570002AD9D /* Resources */ = {
			isa = PBXResourcesBuildPhase;
			buildActionMask = 2147483647;
			files = (
			);
			runOnlyForDeploymentPostprocessing = 0;
		};
/* End PBXResourcesBuildPhase section */

/* Begin PBXSourcesBuildPhase section */
		08428B3E2A659A550002AD9D /* Sources */ = {
			isa = PBXSourcesBuildPhase;
			buildActionMask = 2147483647;
			files = (
				08428B462A659A550002AD9D /* KabinApp.swift in Sources */,
				08428B722A65A4210002AD9D /* EventTapManager.swift in Sources */,
				08428B742A65A4540002AD9D /* ScreenshotManager.swift in Sources */,
			);
			runOnlyForDeploymentPostprocessing = 0;
		};
		08428B4F2A659A570002AD9D /* Sources */ = {
			isa = PBXSourcesBuildPhase;
			buildActionMask = 2147483647;
			files = (
				08428B582A659A570002AD9D /* ConstantinoplTests.swift in Sources */,
			);
			runOnlyForDeploymentPostprocessing = 0;
		};
		08428B592A659A570002AD9D /* Sources */ = {
			isa = PBXSourcesBuildPhase;
			buildActionMask = 2147483647;
			files = (
				08428B622A659A570002AD9D /* ConstantinoplUITests.swift in Sources */,
				08428B642A659A570002AD9D /* ConstantinoplUITestsLaunchTests.swift in Sources */,
			);
			runOnlyForDeploymentPostprocessing = 0;
		};
/* End PBXSourcesBuildPhase section */

/* Begin PBXTargetDependency section */
		08428B552A659A570002AD9D /* PBXTargetDependency */ = {
			isa = PBXTargetDependency;
			target = 08428B412A659A550002AD9D /* Kabin */;
			targetProxy = 08428B542A659A570002AD9D /* PBXContainerItemProxy */;
		};
		08428B5F2A659A570002AD9D /* PBXTargetDependency */ = {
			isa = PBXTargetDependency;
			target = 08428B412A659A550002AD9D /* Kabin */;
			targetProxy = 08428B5E2A659A570002AD9D /* PBXContainerItemProxy */;
		};
/* End PBXTargetDependency section */

/* Begin XCBuildConfiguration section */
		08428B652A659A570002AD9D /* Debug */ = {
			isa = XCBuildConfiguration;
			buildSettings = {
				ALWAYS_SEARCH_USER_PATHS = NO;
				CLANG_ANALYZER_NONNULL = YES;
				CLANG_ANALYZER_NUMBER_OBJECT_CONVERSION = YES_AGGRESSIVE;
				CLANG_CXX_LANGUAGE_STANDARD = "gnu++20";
				CLANG_ENABLE_MODULES = YES;
				CLANG_ENABLE_OBJC_ARC = YES;
				CLANG_ENABLE_OBJC_WEAK = YES;
				CLANG_WARN_BLOCK_CAPTURE_AUTORELEASING = YES;
				CLANG_WARN_BOOL_CONVERSION = YES;
				CLANG_WARN_COMMA = YES;
				CLANG_WARN_CONSTANT_CONVERSION = YES;
				CLANG_WARN_DEPRECATED_OBJC_IMPLEMENTATIONS = YES;
				CLANG_WARN_DIRECT_OBJC_ISA_USAGE = YES_ERROR;
				CLANG_WARN_DOCUMENTATION_COMMENTS = YES;
				CLANG_WARN_EMPTY_BODY = YES;
				CLANG_WARN_ENUM_CONVERSION = YES;
				CLANG_WARN_INFINITE_RECURSION = YES;
				CLANG_WARN_INT_CONVERSION = YES;
				CLANG_WARN_NON_LITERAL_NULL_CONVERSION = YES;
				CLANG_WARN_OBJC_IMPLICIT_RETAIN_SELF = YES;
				CLANG_WARN_OBJC_LITERAL_CONVERSION = YES;
				CLANG_WARN_OBJC_ROOT_CLASS = YES_ERROR;
				CLANG_WARN_QUOTED_INCLUDE_IN_FRAMEWORK_HEADER = YES;
				CLANG_WARN_RANGE_LOOP_ANALYSIS = YES;
				CLANG_WARN_STRICT_PROTOTYPES = YES;
				CLANG_WARN_SUSPICIOUS_MOVE = YES;
				CLANG_WARN_UNGUARDED_AVAILABILITY = YES_AGGRESSIVE;
				CLANG_WARN_UNREACHABLE_CODE = YES;
				CLANG_WARN__DUPLICATE_METHOD_MATCH = YES;
				COPY_PHASE_STRIP = NO;
				DEBUG_INFORMATION_FORMAT = dwarf;
				ENABLE_STRICT_OBJC_MSGSEND = YES;
				ENABLE_TESTABILITY = YES;
				GCC_C_LANGUAGE_STANDARD = gnu11;
				GCC_DYNAMIC_NO_PIC = NO;
				GCC_NO_COMMON_BLOCKS = YES;
				GCC_OPTIMIZATION_LEVEL = 0;
				GCC_PREPROCESSOR_DEFINITIONS = (
					"DEBUG=1",
					"$(inherited)",
				);
				GCC_WARN_64_TO_32_BIT_CONVERSION = YES;
				GCC_WARN_ABOUT_RETURN_TYPE = YES_ERROR;
				GCC_WARN_UNDECLARED_SELECTOR = YES;
				GCC_WARN_UNINITIALIZED_AUTOS = YES_AGGRESSIVE;
				GCC_WARN_UNUSED_FUNCTION = YES;
				GCC_WARN_UNUSED_VARIABLE = YES;
				MACOSX_DEPLOYMENT_TARGET = 13.2;
				MTL_ENABLE_DEBUG_INFO = INCLUDE_SOURCE;
				MTL_FAST_MATH = YES;
				ONLY_ACTIVE_ARCH = YES;
				SDKROOT = macosx;
				SWIFT_ACTIVE_COMPILATION_CONDITIONS = DEBUG;
				SWIFT_OPTIMIZATION_LEVEL = "-Onone";
			};
			name = Debug;
		};
		08428B662A659A570002AD9D /* Release */ = {
			isa = XCBuildConfiguration;
			buildSettings = {
				ALWAYS_SEARCH_USER_PATHS = NO;
				CLANG_ANALYZER_NONNULL = YES;
				CLANG_ANALYZER_NUMBER_OBJECT_CONVERSION = YES_AGGRESSIVE;
				CLANG_CXX_LANGUAGE_STANDARD = "gnu++20";
				CLANG_ENABLE_MODULES = YES;
				CLANG_ENABLE_OBJC_ARC = YES;
				CLANG_ENABLE_OBJC_WEAK = YES;
				CLANG_WARN_BLOCK_CAPTURE_AUTORELEASING = YES;
				CLANG_WARN_BOOL_CONVERSION = YES;
				CLANG_WARN_COMMA = YES;
				CLANG_WARN_CONSTANT_CONVERSION = YES;
				CLANG_WARN_DEPRECATED_OBJC_IMPLEMENTATIONS = YES;
				CLANG_WARN_DIRECT_OBJC_ISA_USAGE = YES_ERROR;
				CLANG_WARN_DOCUMENTATION_COMMENTS = YES;
				CLANG_WARN_EMPTY_BODY = YES;
				CLANG_WARN_ENUM_CONVERSION = YES;
				CLANG_WARN_INFINITE_RECURSION = YES;
				CLANG_WARN_INT_CONVERSION = YES;
				CLANG_WARN_NON_LITERAL_NULL_CONVERSION = YES;
				CLANG_WARN_OBJC_IMPLICIT_RETAIN_SELF = YES;
				CLANG_WARN_OBJC_LITERAL_CONVERSION = YES;
				CLANG_WARN_OBJC_ROOT_CLASS = YES_ERROR;
				CLANG_WARN_QUOTED_INCLUDE_IN_FRAMEWORK_HEADER = YES;
				CLANG_WARN_RANGE_LOOP_ANALYSIS = YES;
				CLANG_WARN_STRICT_PROTOTYPES = YES;
				CLANG_WARN_SUSPICIOUS_MOVE = YES;
				CLANG_WARN_UNGUARDED_AVAILABILITY = YES_AGGRESSIVE;
				CLANG_WARN_UNREACHABLE_CODE = YES;
				CLANG_WARN__DUPLICATE_METHOD_MATCH = YES;
				COPY_PHASE_STRIP = NO;
				DEBUG_INFORMATION_FORMAT = "dwarf-with-dsym";
				ENABLE_NS_ASSERTIONS = NO;
				ENABLE_STRICT_OBJC_MSGSEND = YES;
				GCC_C_LANGUAGE_STANDARD = gnu11;
				GCC_NO_COMMON_BLOCKS = YES;
				GCC_WARN_64_TO_32_BIT_CONVERSION = YES;
				GCC_WARN_ABOUT_RETURN_TYPE = YES_ERROR;
				GCC_WARN_UNDECLARED_SELECTOR = YES;
				GCC_WARN_UNINITIALIZED_AUTOS = YES_AGGRESSIVE;
				GCC_WARN_UNUSED_FUNCTION = YES;
				GCC_WARN_UNUSED_VARIABLE = YES;
				MACOSX_DEPLOYMENT_TARGET = 13.2;
				MTL_ENABLE_DEBUG_INFO = NO;
				MTL_FAST_MATH = YES;
				SDKROOT = macosx;
				SWIFT_COMPILATION_MODE = wholemodule;
				SWIFT_OPTIMIZATION_LEVEL = "-O";
			};
			name = Release;
		};
		08428B682A659A570002AD9D /* Debug */ = {
			isa = XCBuildConfiguration;
			buildSettings = {
				ASSETCATALOG_COMPILER_APPICON_NAME = AppIcon;
				ASSETCATALOG_COMPILER_GLOBAL_ACCENT_COLOR_NAME = AccentColor;
				CODE_SIGN_ENTITLEMENTS = Kabin/Kabin.entitlements;
				CODE_SIGN_STYLE = Automatic;
				COMBINE_HIDPI_IMAGES = YES;
				CURRENT_PROJECT_VERSION = 1;
				DEVELOPMENT_ASSET_PATHS = "\"Kabin/Preview Content\"";
				DEVELOPMENT_TEAM = SR6QB95A3Z;
				ENABLE_HARDENED_RUNTIME = YES;
				ENABLE_PREVIEWS = YES;
				GENERATE_INFOPLIST_FILE = YES;
				INFOPLIST_FILE = Kabin/Info.plist;
				INFOPLIST_KEY_LSUIElement = YES;
				INFOPLIST_KEY_NSHumanReadableCopyright = "";
				LD_RUNPATH_SEARCH_PATHS = (
					"$(inherited)",
					"@executable_path/../Frameworks",
				);
				MARKETING_VERSION = 1.0;
				PRODUCT_BUNDLE_IDENTIFIER = fchughes.Kabin;
				PRODUCT_NAME = "$(TARGET_NAME)";
				SWIFT_EMIT_LOC_STRINGS = YES;
				SWIFT_VERSION = 5.0;
			};
			name = Debug;
		};
		08428B692A659A570002AD9D /* Release */ = {
			isa = XCBuildConfiguration;
			buildSettings = {
				ASSETCATALOG_COMPILER_APPICON_NAME = AppIcon;
				ASSETCATALOG_COMPILER_GLOBAL_ACCENT_COLOR_NAME = AccentColor;
				CODE_SIGN_ENTITLEMENTS = Kabin/Kabin.entitlements;
				CODE_SIGN_STYLE = Automatic;
				COMBINE_HIDPI_IMAGES = YES;
				CURRENT_PROJECT_VERSION = 1;
				DEVELOPMENT_ASSET_PATHS = "\"Kabin/Preview Content\"";
				DEVELOPMENT_TEAM = SR6QB95A3Z;
				ENABLE_HARDENED_RUNTIME = YES;
				ENABLE_PREVIEWS = YES;
				GENERATE_INFOPLIST_FILE = YES;
				INFOPLIST_FILE = Kabin/Info.plist;
				INFOPLIST_KEY_LSUIElement = YES;
				INFOPLIST_KEY_NSHumanReadableCopyright = "";
				LD_RUNPATH_SEARCH_PATHS = (
					"$(inherited)",
					"@executable_path/../Frameworks",
				);
				MARKETING_VERSION = 1.0;
				PRODUCT_BUNDLE_IDENTIFIER = fchughes.Kabin;
				PRODUCT_NAME = "$(TARGET_NAME)";
				SWIFT_EMIT_LOC_STRINGS = YES;
				SWIFT_VERSION = 5.0;
			};
			name = Release;
		};
		08428B6B2A659A570002AD9D /* Debug */ = {
			isa = XCBuildConfiguration;
			buildSettings = {
				ALWAYS_EMBED_SWIFT_STANDARD_LIBRARIES = YES;
				BUNDLE_LOADER = "$(TEST_HOST)";
				CODE_SIGN_STYLE = Automatic;
				CURRENT_PROJECT_VERSION = 1;
				DEVELOPMENT_TEAM = SR6QB95A3Z;
				GENERATE_INFOPLIST_FILE = YES;
				MACOSX_DEPLOYMENT_TARGET = 13.2;
				MARKETING_VERSION = 1.0;
				PRODUCT_BUNDLE_IDENTIFIER = fchughes.KabinTests;
				PRODUCT_NAME = "$(TARGET_NAME)";
				SWIFT_EMIT_LOC_STRINGS = NO;
				SWIFT_VERSION = 5.0;
				TEST_HOST = "$(BUILT_PRODUCTS_DIR)/Kabin.app/$(BUNDLE_EXECUTABLE_FOLDER_PATH)/Kabin";
			};
			name = Debug;
		};
		08428B6C2A659A570002AD9D /* Release */ = {
			isa = XCBuildConfiguration;
			buildSettings = {
				ALWAYS_EMBED_SWIFT_STANDARD_LIBRARIES = YES;
				BUNDLE_LOADER = "$(TEST_HOST)";
				CODE_SIGN_STYLE = Automatic;
				CURRENT_PROJECT_VERSION = 1;
				DEVELOPMENT_TEAM = SR6QB95A3Z;
				GENERATE_INFOPLIST_FILE = YES;
				MACOSX_DEPLOYMENT_TARGET = 13.2;
				MARKETING_VERSION = 1.0;
				PRODUCT_BUNDLE_IDENTIFIER = fchughes.KabinTests;
				PRODUCT_NAME = "$(TARGET_NAME)";
				SWIFT_EMIT_LOC_STRINGS = NO;
				SWIFT_VERSION = 5.0;
				TEST_HOST = "$(BUILT_PRODUCTS_DIR)/Kabin.app/$(BUNDLE_EXECUTABLE_FOLDER_PATH)/Kabin";
			};
			name = Release;
		};
		08428B6E2A659A570002AD9D /* Debug */ = {
			isa = XCBuildConfiguration;
			buildSettings = {
				ALWAYS_EMBED_SWIFT_STANDARD_LIBRARIES = YES;
				CODE_SIGN_STYLE = Automatic;
				CURRENT_PROJECT_VERSION = 1;
				DEVELOPMENT_TEAM = SR6QB95A3Z;
				GENERATE_INFOPLIST_FILE = YES;
				MARKETING_VERSION = 1.0;
				PRODUCT_BUNDLE_IDENTIFIER = fchughes.KabinUITests;
				PRODUCT_NAME = "$(TARGET_NAME)";
				SWIFT_EMIT_LOC_STRINGS = NO;
				SWIFT_VERSION = 5.0;
				TEST_TARGET_NAME = Kabin;
			};
			name = Debug;
		};
		08428B6F2A659A570002AD9D /* Release */ = {
			isa = XCBuildConfiguration;
			buildSettings = {
				ALWAYS_EMBED_SWIFT_STANDARD_LIBRARIES = YES;
				CODE_SIGN_STYLE = Automatic;
				CURRENT_PROJECT_VERSION = 1;
				DEVELOPMENT_TEAM = SR6QB95A3Z;
				GENERATE_INFOPLIST_FILE = YES;
				MARKETING_VERSION = 1.0;
				PRODUCT_BUNDLE_IDENTIFIER = fchughes.KabinUITests;
				PRODUCT_NAME = "$(TARGET_NAME)";
				SWIFT_EMIT_LOC_STRINGS = NO;
				SWIFT_VERSION = 5.0;
				TEST_TARGET_NAME = Kabin;
			};
			name = Release;
		};
/* End XCBuildConfiguration section */

/* Begin XCConfigurationList section */
		08428B3D2A659A550002AD9D /* Build configuration list for PBXProject "Kabin" */ = {
			isa = XCConfigurationList;
			buildConfigurations = (
				08428B652A659A570002AD9D /* Debug */,
				08428B662A659A570002AD9D /* Release */,
			);
			defaultConfigurationIsVisible = 0;
			defaultConfigurationName = Release;
		};
		08428B672A659A570002AD9D /* Build configuration list for PBXNativeTarget "Kabin" */ = {
			isa = XCConfigurationList;
			buildConfigurations = (
				08428B682A659A570002AD9D /* Debug */,
				08428B692A659A570002AD9D /* Release */,
			);
			defaultConfigurationIsVisible = 0;
			defaultConfigurationName = Release;
		};
		08428B6A2A659A570002AD9D /* Build configuration list for PBXNativeTarget "KabinTests" */ = {
			isa = XCConfigurationList;
			buildConfigurations = (
				08428B6B2A659A570002AD9D /* Debug */,
				08428B6C2A659A570002AD9D /* Release */,
			);
			defaultConfigurationIsVisible = 0;
			defaultConfigurationName = Release;
		};
		08428B6D2A659A570002AD9D /* Build configuration list for PBXNativeTarget "KabinUITests" */ = {
			isa = XCConfigurationList;
			buildConfigurations = (
				08428B6E2A659A570002AD9D /* Debug */,
				08428B6F2A659A570002AD9D /* Release */,
			);
			defaultConfigurationIsVisible = 0;
			defaultConfigurationName = Release;
		};
/* End XCConfigurationList section */
	};
	rootObject = 08428B3A2A659A550002AD9D /* Project object */;
}
